
Microsoft Visual Studio Solution File, Format Version 12.00
# Visual Studio 15
VisualStudioVersion = 15.0.28307.271
MinimumVisualStudioVersion = 10.0.40219.1
Project("{FAE04EC0-301F-11D3-BF4B-00C04F79EFBC}") = "Polynomial", "Polynomial\Polynomial.csproj", "{EB73F906-F360-48B9-8BA6-2467745FDAA6}"
EndProject
Global
	GlobalSection(SolutionConfigurationPlatforms) = preSolution
		Debug|Any CPU = Debug|Any CPU
		Release|Any CPU = Release|Any CPU
	EndGlobalSection
	GlobalSection(ProjectConfigurationPlatforms) = postSolution
		{EB73F906-F360-48B9-8BA6-2467745FDAA6}.Debug|Any CPU.ActiveCfg = Debug|Any CPU
		{EB73F906-F360-48B9-8BA6-2467745FDAA6}.Debug|Any CPU.Build.0 = Debug|Any CPU
		{EB73F906-F360-48B9-8BA6-2467745FDAA6}.Release|Any CPU.ActiveCfg = Release|Any CPU
		{EB73F906-F360-48B9-8BA6-2467745FDAA6}.Release|Any CPU.Build.0 = Release|Any CPU
	EndGlobalSection
	GlobalSection(SolutionProperties) = preSolution
		HideSolutionNode = FALSE
	EndGlobalSection
	GlobalSection(ExtensibilityGlobals) = postSolution
		SolutionGuid = {D7E4D4EF-32D9-4DED-9980-2362121AACC6}
	EndGlobalSection
EndGlobal
