
Microsoft Visual Studio Solution File, Format Version 12.00
# Visual Studio 15
VisualStudioVersion = 15.0.28307.271
MinimumVisualStudioVersion = 10.0.40219.1
Project("{FAE04EC0-301F-11D3-BF4B-00C04F79EFBC}") = "Adres", "Adres\Adres.csproj", "{C5DE4E88-F5B2-48C4-8B5A-E00E59816C24}"
EndProject
Global
	GlobalSection(SolutionConfigurationPlatforms) = preSolution
		Debug|Any CPU = Debug|Any CPU
		Release|Any CPU = Release|Any CPU
	EndGlobalSection
	GlobalSection(ProjectConfigurationPlatforms) = postSolution
		{C5DE4E88-F5B2-48C4-8B5A-E00E59816C24}.Debug|Any CPU.ActiveCfg = Debug|Any CPU
		{C5DE4E88-F5B2-48C4-8B5A-E00E59816C24}.Debug|Any CPU.Build.0 = Debug|Any CPU
		{C5DE4E88-F5B2-48C4-8B5A-E00E59816C24}.Release|Any CPU.ActiveCfg = Release|Any CPU
		{C5DE4E88-F5B2-48C4-8B5A-E00E59816C24}.Release|Any CPU.Build.0 = Release|Any CPU
	EndGlobalSection
	GlobalSection(SolutionProperties) = preSolution
		HideSolutionNode = FALSE
	EndGlobalSection
	GlobalSection(ExtensibilityGlobals) = postSolution
		SolutionGuid = {6D4A19D6-B9EF-428F-A89A-5A39B5EE5156}
	EndGlobalSection
EndGlobal
