
Microsoft Visual Studio Solution File, Format Version 12.00
# Visual Studio 15
VisualStudioVersion = 15.0.28307.168
MinimumVisualStudioVersion = 10.0.40219.1
Project("{FAE04EC0-301F-11D3-BF4B-00C04F79EFBC}") = "Osoba", "Osoba\Osoba.csproj", "{3CDF84B2-9F17-4D76-9691-3DB9EAC81BF0}"
EndProject
Global
	GlobalSection(SolutionConfigurationPlatforms) = preSolution
		Debug|Any CPU = Debug|Any CPU
		Release|Any CPU = Release|Any CPU
	EndGlobalSection
	GlobalSection(ProjectConfigurationPlatforms) = postSolution
		{3CDF84B2-9F17-4D76-9691-3DB9EAC81BF0}.Debug|Any CPU.ActiveCfg = Debug|Any CPU
		{3CDF84B2-9F17-4D76-9691-3DB9EAC81BF0}.Debug|Any CPU.Build.0 = Debug|Any CPU
		{3CDF84B2-9F17-4D76-9691-3DB9EAC81BF0}.Release|Any CPU.ActiveCfg = Release|Any CPU
		{3CDF84B2-9F17-4D76-9691-3DB9EAC81BF0}.Release|Any CPU.Build.0 = Release|Any CPU
	EndGlobalSection
	GlobalSection(SolutionProperties) = preSolution
		HideSolutionNode = FALSE
	EndGlobalSection
	GlobalSection(ExtensibilityGlobals) = postSolution
		SolutionGuid = {5F05F83D-1F1E-46EF-AAD4-ACE09E88FD06}
	EndGlobalSection
EndGlobal
