
Microsoft Visual Studio Solution File, Format Version 12.00
# Visual Studio 15
VisualStudioVersion = 15.0.28307.168
MinimumVisualStudioVersion = 10.0.40219.1
Project("{FAE04EC0-301F-11D3-BF4B-00C04F79EFBC}") = "Problem1calka", "Problem1calka\Problem1calka.csproj", "{623D4D7E-2C8A-49DD-8764-03BD3EB27BA8}"
EndProject
Global
	GlobalSection(SolutionConfigurationPlatforms) = preSolution
		Debug|Any CPU = Debug|Any CPU
		Release|Any CPU = Release|Any CPU
	EndGlobalSection
	GlobalSection(ProjectConfigurationPlatforms) = postSolution
		{623D4D7E-2C8A-49DD-8764-03BD3EB27BA8}.Debug|Any CPU.ActiveCfg = Debug|Any CPU
		{623D4D7E-2C8A-49DD-8764-03BD3EB27BA8}.Debug|Any CPU.Build.0 = Debug|Any CPU
		{623D4D7E-2C8A-49DD-8764-03BD3EB27BA8}.Release|Any CPU.ActiveCfg = Release|Any CPU
		{623D4D7E-2C8A-49DD-8764-03BD3EB27BA8}.Release|Any CPU.Build.0 = Release|Any CPU
	EndGlobalSection
	GlobalSection(SolutionProperties) = preSolution
		HideSolutionNode = FALSE
	EndGlobalSection
	GlobalSection(ExtensibilityGlobals) = postSolution
		SolutionGuid = {3D1A56F7-3031-410D-BF8D-7BAD181DBDFE}
	EndGlobalSection
EndGlobal
